
Microsoft Visual Studio Solution File, Format Version 12.00
# Visual Studio 15
VisualStudioVersion = 15.0.28010.2016
MinimumVisualStudioVersion = 10.0.40219.1
Project("{9A19103F-16F7-4668-BE54-9A1E7A4F7556}") = "ZFine.Code", "ZFine.Code\ZFine.Code.csproj", "{4F2261F0-4925-40A6-AD54-19A386123500}"
EndProject
Project("{9A19103F-16F7-4668-BE54-9A1E7A4F7556}") = "ZFine.Data", "ZFine.Data\ZFine.Data.csproj", "{3AF79F46-466C-4761-AEA6-60E28981DF30}"
EndProject
Project("{2150E333-8FDC-42A3-9474-1A3956D46DE8}") = "01 Common 基础结构层", "01 Common 基础结构层", "{07C62CDB-5B9F-49F5-912B-88460326FE8C}"
EndProject
Project("{9A19103F-16F7-4668-BE54-9A1E7A4F7556}") = "ZFine.Web", "ZFine.Web\ZFine.Web.csproj", "{FD4B4249-786F-45B7-A5FA-A761D5217075}"
EndProject
Project("{2150E333-8FDC-42A3-9474-1A3956D46DE8}") = "02 Domain 应用服务", "02 Domain 应用服务", "{CEBC59EC-CCAB-48F3-B3FB-EAA6528EF3A6}"
EndProject
Project("{9A19103F-16F7-4668-BE54-9A1E7A4F7556}") = "ZFine.Application", "ZFine.Application\ZFine.Application.csproj", "{E284491B-A509-4670-891C-E2215B23FF42}"
EndProject
Project("{9A19103F-16F7-4668-BE54-9A1E7A4F7556}") = "ZFine.Domain", "ZFine.Domain\ZFine.Domain.csproj", "{5E197C46-0255-468E-875D-39ED5A9C3BAA}"
EndProject
Project("{9A19103F-16F7-4668-BE54-9A1E7A4F7556}") = "ZFine.Repository", "ZFine.Repository\ZFine.Repository.csproj", "{26F1B10E-3A06-4436-8C1F-009A96E8368F}"
EndProject
Project("{9A19103F-16F7-4668-BE54-9A1E7A4F7556}") = "ZFine.Mapping", "ZFine.Mapping\ZFine.Mapping.csproj", "{D1CEB09A-B0F0-4AAF-A740-1EB987257A4E}"
EndProject
Global
	GlobalSection(SolutionConfigurationPlatforms) = preSolution
		Debug|Any CPU = Debug|Any CPU
		Release|Any CPU = Release|Any CPU
	EndGlobalSection
	GlobalSection(ProjectConfigurationPlatforms) = postSolution
		{4F2261F0-4925-40A6-AD54-19A386123500}.Debug|Any CPU.ActiveCfg = Debug|Any CPU
		{4F2261F0-4925-40A6-AD54-19A386123500}.Debug|Any CPU.Build.0 = Debug|Any CPU
		{4F2261F0-4925-40A6-AD54-19A386123500}.Release|Any CPU.ActiveCfg = Release|Any CPU
		{4F2261F0-4925-40A6-AD54-19A386123500}.Release|Any CPU.Build.0 = Release|Any CPU
		{3AF79F46-466C-4761-AEA6-60E28981DF30}.Debug|Any CPU.ActiveCfg = Debug|Any CPU
		{3AF79F46-466C-4761-AEA6-60E28981DF30}.Debug|Any CPU.Build.0 = Debug|Any CPU
		{3AF79F46-466C-4761-AEA6-60E28981DF30}.Release|Any CPU.ActiveCfg = Release|Any CPU
		{3AF79F46-466C-4761-AEA6-60E28981DF30}.Release|Any CPU.Build.0 = Release|Any CPU
		{FD4B4249-786F-45B7-A5FA-A761D5217075}.Debug|Any CPU.ActiveCfg = Debug|Any CPU
		{FD4B4249-786F-45B7-A5FA-A761D5217075}.Debug|Any CPU.Build.0 = Debug|Any CPU
		{FD4B4249-786F-45B7-A5FA-A761D5217075}.Release|Any CPU.ActiveCfg = Release|Any CPU
		{FD4B4249-786F-45B7-A5FA-A761D5217075}.Release|Any CPU.Build.0 = Release|Any CPU
		{E284491B-A509-4670-891C-E2215B23FF42}.Debug|Any CPU.ActiveCfg = Debug|Any CPU
		{E284491B-A509-4670-891C-E2215B23FF42}.Debug|Any CPU.Build.0 = Debug|Any CPU
		{E284491B-A509-4670-891C-E2215B23FF42}.Release|Any CPU.ActiveCfg = Release|Any CPU
		{E284491B-A509-4670-891C-E2215B23FF42}.Release|Any CPU.Build.0 = Release|Any CPU
		{5E197C46-0255-468E-875D-39ED5A9C3BAA}.Debug|Any CPU.ActiveCfg = Debug|Any CPU
		{5E197C46-0255-468E-875D-39ED5A9C3BAA}.Debug|Any CPU.Build.0 = Debug|Any CPU
		{5E197C46-0255-468E-875D-39ED5A9C3BAA}.Release|Any CPU.ActiveCfg = Release|Any CPU
		{5E197C46-0255-468E-875D-39ED5A9C3BAA}.Release|Any CPU.Build.0 = Release|Any CPU
		{26F1B10E-3A06-4436-8C1F-009A96E8368F}.Debug|Any CPU.ActiveCfg = Debug|Any CPU
		{26F1B10E-3A06-4436-8C1F-009A96E8368F}.Debug|Any CPU.Build.0 = Debug|Any CPU
		{26F1B10E-3A06-4436-8C1F-009A96E8368F}.Release|Any CPU.ActiveCfg = Release|Any CPU
		{26F1B10E-3A06-4436-8C1F-009A96E8368F}.Release|Any CPU.Build.0 = Release|Any CPU
		{D1CEB09A-B0F0-4AAF-A740-1EB987257A4E}.Debug|Any CPU.ActiveCfg = Debug|Any CPU
		{D1CEB09A-B0F0-4AAF-A740-1EB987257A4E}.Debug|Any CPU.Build.0 = Debug|Any CPU
		{D1CEB09A-B0F0-4AAF-A740-1EB987257A4E}.Release|Any CPU.ActiveCfg = Release|Any CPU
		{D1CEB09A-B0F0-4AAF-A740-1EB987257A4E}.Release|Any CPU.Build.0 = Release|Any CPU
	EndGlobalSection
	GlobalSection(SolutionProperties) = preSolution
		HideSolutionNode = FALSE
	EndGlobalSection
	GlobalSection(NestedProjects) = preSolution
		{4F2261F0-4925-40A6-AD54-19A386123500} = {07C62CDB-5B9F-49F5-912B-88460326FE8C}
		{3AF79F46-466C-4761-AEA6-60E28981DF30} = {07C62CDB-5B9F-49F5-912B-88460326FE8C}
		{E284491B-A509-4670-891C-E2215B23FF42} = {CEBC59EC-CCAB-48F3-B3FB-EAA6528EF3A6}
		{5E197C46-0255-468E-875D-39ED5A9C3BAA} = {CEBC59EC-CCAB-48F3-B3FB-EAA6528EF3A6}
		{26F1B10E-3A06-4436-8C1F-009A96E8368F} = {CEBC59EC-CCAB-48F3-B3FB-EAA6528EF3A6}
		{D1CEB09A-B0F0-4AAF-A740-1EB987257A4E} = {CEBC59EC-CCAB-48F3-B3FB-EAA6528EF3A6}
	EndGlobalSection
	GlobalSection(ExtensibilityGlobals) = postSolution
		SolutionGuid = {9E6A26DB-2B78-40D5-8120-6B1615D8CA20}
	EndGlobalSection
EndGlobal
